
Microsoft Visual Studio Solution File, Format Version 12.00
# Visual Studio Version 16
VisualStudioVersion = 16.0.29613.14
MinimumVisualStudioVersion = 10.0.40219.1
Project("{FAE04EC0-301F-11D3-BF4B-00C04F79EFBC}") = "Szyfrowanie", "Szyfrowanie\Szyfrowanie.csproj", "{3613743F-B3D2-46C1-8CE7-A51E40EC38BE}"
EndProject
Global
	GlobalSection(SolutionConfigurationPlatforms) = preSolution
		Debug|Any CPU = Debug|Any CPU
		Release|Any CPU = Release|Any CPU
	EndGlobalSection
	GlobalSection(ProjectConfigurationPlatforms) = postSolution
		{3613743F-B3D2-46C1-8CE7-A51E40EC38BE}.Debug|Any CPU.ActiveCfg = Debug|Any CPU
		{3613743F-B3D2-46C1-8CE7-A51E40EC38BE}.Debug|Any CPU.Build.0 = Debug|Any CPU
		{3613743F-B3D2-46C1-8CE7-A51E40EC38BE}.Release|Any CPU.ActiveCfg = Release|Any CPU
		{3613743F-B3D2-46C1-8CE7-A51E40EC38BE}.Release|Any CPU.Build.0 = Release|Any CPU
	EndGlobalSection
	GlobalSection(SolutionProperties) = preSolution
		HideSolutionNode = FALSE
	EndGlobalSection
	GlobalSection(ExtensibilityGlobals) = postSolution
		SolutionGuid = {F6653FDF-2AC0-4868-A68A-ED2614C6E8B4}
	EndGlobalSection
EndGlobal
