
Microsoft Visual Studio Solution File, Format Version 12.00
# Visual Studio Version 16
VisualStudioVersion = 16.0.30011.22
MinimumVisualStudioVersion = 10.0.40219.1
Project("{FAE04EC0-301F-11D3-BF4B-00C04F79EFBC}") = "PojemnikiWlasneWPF", "PojemnikiWlasneWPF\PojemnikiWlasneWPF.csproj", "{532D4461-CF3E-46E1-A3AD-DC59CE8A3E27}"
EndProject
Global
	GlobalSection(SolutionConfigurationPlatforms) = preSolution
		Debug|Any CPU = Debug|Any CPU
		Release|Any CPU = Release|Any CPU
	EndGlobalSection
	GlobalSection(ProjectConfigurationPlatforms) = postSolution
		{532D4461-CF3E-46E1-A3AD-DC59CE8A3E27}.Debug|Any CPU.ActiveCfg = Debug|Any CPU
		{532D4461-CF3E-46E1-A3AD-DC59CE8A3E27}.Debug|Any CPU.Build.0 = Debug|Any CPU
		{532D4461-CF3E-46E1-A3AD-DC59CE8A3E27}.Release|Any CPU.ActiveCfg = Release|Any CPU
		{532D4461-CF3E-46E1-A3AD-DC59CE8A3E27}.Release|Any CPU.Build.0 = Release|Any CPU
	EndGlobalSection
	GlobalSection(SolutionProperties) = preSolution
		HideSolutionNode = FALSE
	EndGlobalSection
	GlobalSection(ExtensibilityGlobals) = postSolution
		SolutionGuid = {0ADC7FBC-4445-461E-A8C3-DACF3FB3C368}
	EndGlobalSection
EndGlobal
