
Microsoft Visual Studio Solution File, Format Version 12.00
# Visual Studio Version 16
VisualStudioVersion = 16.0.30011.22
MinimumVisualStudioVersion = 10.0.40219.1
Project("{FAE04EC0-301F-11D3-BF4B-00C04F79EFBC}") = "PojemnikiKontrolkiWPFScrollViewer", "PojemnikiKontrolkiWPFScrollViewer\PojemnikiKontrolkiWPFScrollViewer.csproj", "{0FF12A26-598B-4BB4-89D1-4AEF21C10DAE}"
EndProject
Global
	GlobalSection(SolutionConfigurationPlatforms) = preSolution
		Debug|Any CPU = Debug|Any CPU
		Release|Any CPU = Release|Any CPU
	EndGlobalSection
	GlobalSection(ProjectConfigurationPlatforms) = postSolution
		{0FF12A26-598B-4BB4-89D1-4AEF21C10DAE}.Debug|Any CPU.ActiveCfg = Debug|Any CPU
		{0FF12A26-598B-4BB4-89D1-4AEF21C10DAE}.Debug|Any CPU.Build.0 = Debug|Any CPU
		{0FF12A26-598B-4BB4-89D1-4AEF21C10DAE}.Release|Any CPU.ActiveCfg = Release|Any CPU
		{0FF12A26-598B-4BB4-89D1-4AEF21C10DAE}.Release|Any CPU.Build.0 = Release|Any CPU
	EndGlobalSection
	GlobalSection(SolutionProperties) = preSolution
		HideSolutionNode = FALSE
	EndGlobalSection
	GlobalSection(ExtensibilityGlobals) = postSolution
		SolutionGuid = {BB59C10A-405C-455B-B534-D2300B789B64}
	EndGlobalSection
EndGlobal
